
Microsoft Visual Studio Solution File, Format Version 12.00
# Visual Studio Version 16
VisualStudioVersion = 16.0.30104.148
MinimumVisualStudioVersion = 10.0.40219.1
Project("{FAE04EC0-301F-11D3-BF4B-00C04F79EFBC}") = "ProductEntities", "ProductEntities\ProductEntities.csproj", "{5B9735C2-2B49-49FB-82C7-1E7D42F022D9}"
EndProject
Project("{FAE04EC0-301F-11D3-BF4B-00C04F79EFBC}") = "ProductFactory", "ProductFactory\ProductFactory.csproj", "{02E99F4A-7BAE-4614-994C-2EC32A2899F6}"
EndProject
Project("{FAE04EC0-301F-11D3-BF4B-00C04F79EFBC}") = "ProductLogic", "ProductLogic\ProductLogic.csproj", "{60088DC3-FC6D-4DA2-AEB8-AA0293E0303B}"
EndProject
Project("{9A19103F-16F7-4668-BE54-9A1E7A4F7556}") = "ProductService", "ProductService\ProductService.csproj", "{3F55ADF1-D807-4DBB-A8CF-91D471FC80DF}"
EndProject
Project("{FAE04EC0-301F-11D3-BF4B-00C04F79EFBC}") = "ProductData", "AuthenticationData\ProductData.csproj", "{556449EC-82BB-42DD-AC60-31381D0CC2DC}"
EndProject
Project("{FAE04EC0-301F-11D3-BF4B-00C04F79EFBC}") = "IntegrationTest", "IntegrationTest\IntegrationTest.csproj", "{178F41B6-4298-4141-BBBA-28EAD6C7CAEB}"
EndProject
Global
	GlobalSection(SolutionConfigurationPlatforms) = preSolution
		Debug|Any CPU = Debug|Any CPU
		Release|Any CPU = Release|Any CPU
	EndGlobalSection
	GlobalSection(ProjectConfigurationPlatforms) = postSolution
		{5B9735C2-2B49-49FB-82C7-1E7D42F022D9}.Debug|Any CPU.ActiveCfg = Debug|Any CPU
		{5B9735C2-2B49-49FB-82C7-1E7D42F022D9}.Debug|Any CPU.Build.0 = Debug|Any CPU
		{5B9735C2-2B49-49FB-82C7-1E7D42F022D9}.Release|Any CPU.ActiveCfg = Release|Any CPU
		{5B9735C2-2B49-49FB-82C7-1E7D42F022D9}.Release|Any CPU.Build.0 = Release|Any CPU
		{02E99F4A-7BAE-4614-994C-2EC32A2899F6}.Debug|Any CPU.ActiveCfg = Debug|Any CPU
		{02E99F4A-7BAE-4614-994C-2EC32A2899F6}.Debug|Any CPU.Build.0 = Debug|Any CPU
		{02E99F4A-7BAE-4614-994C-2EC32A2899F6}.Release|Any CPU.ActiveCfg = Release|Any CPU
		{02E99F4A-7BAE-4614-994C-2EC32A2899F6}.Release|Any CPU.Build.0 = Release|Any CPU
		{60088DC3-FC6D-4DA2-AEB8-AA0293E0303B}.Debug|Any CPU.ActiveCfg = Debug|Any CPU
		{60088DC3-FC6D-4DA2-AEB8-AA0293E0303B}.Debug|Any CPU.Build.0 = Debug|Any CPU
		{60088DC3-FC6D-4DA2-AEB8-AA0293E0303B}.Release|Any CPU.ActiveCfg = Release|Any CPU
		{60088DC3-FC6D-4DA2-AEB8-AA0293E0303B}.Release|Any CPU.Build.0 = Release|Any CPU
		{3F55ADF1-D807-4DBB-A8CF-91D471FC80DF}.Debug|Any CPU.ActiveCfg = Debug|Any CPU
		{3F55ADF1-D807-4DBB-A8CF-91D471FC80DF}.Debug|Any CPU.Build.0 = Debug|Any CPU
		{3F55ADF1-D807-4DBB-A8CF-91D471FC80DF}.Release|Any CPU.ActiveCfg = Release|Any CPU
		{3F55ADF1-D807-4DBB-A8CF-91D471FC80DF}.Release|Any CPU.Build.0 = Release|Any CPU
		{556449EC-82BB-42DD-AC60-31381D0CC2DC}.Debug|Any CPU.ActiveCfg = Debug|Any CPU
		{556449EC-82BB-42DD-AC60-31381D0CC2DC}.Debug|Any CPU.Build.0 = Debug|Any CPU
		{556449EC-82BB-42DD-AC60-31381D0CC2DC}.Release|Any CPU.ActiveCfg = Release|Any CPU
		{556449EC-82BB-42DD-AC60-31381D0CC2DC}.Release|Any CPU.Build.0 = Release|Any CPU
		{178F41B6-4298-4141-BBBA-28EAD6C7CAEB}.Debug|Any CPU.ActiveCfg = Debug|Any CPU
		{178F41B6-4298-4141-BBBA-28EAD6C7CAEB}.Debug|Any CPU.Build.0 = Debug|Any CPU
		{178F41B6-4298-4141-BBBA-28EAD6C7CAEB}.Release|Any CPU.ActiveCfg = Release|Any CPU
		{178F41B6-4298-4141-BBBA-28EAD6C7CAEB}.Release|Any CPU.Build.0 = Release|Any CPU
	EndGlobalSection
	GlobalSection(SolutionProperties) = preSolution
		HideSolutionNode = FALSE
	EndGlobalSection
	GlobalSection(ExtensibilityGlobals) = postSolution
		SolutionGuid = {E58B6F09-5B57-450B-901C-71DA7480894D}
	EndGlobalSection
EndGlobal
